
Microsoft Visual Studio Solution File, Format Version 12.00
# Visual Studio Version 17
VisualStudioVersion = 17.5.33627.172
MinimumVisualStudioVersion = 10.0.40219.1
Project("{9A19103F-16F7-4668-BE54-9A1E7A4F7556}") = "Business", "Business\Business.csproj", "{45CC69DE-F13F-4307-A1DD-0C5521CD626E}"
EndProject
Project("{9A19103F-16F7-4668-BE54-9A1E7A4F7556}") = "Entities", "Entities\Entities.csproj", "{FFD28EFB-1819-4D77-9E15-1CF2380A3562}"
EndProject
Project("{9A19103F-16F7-4668-BE54-9A1E7A4F7556}") = "DataAccess", "DataAccess\DataAccess.csproj", "{B68B7538-7B6C-482D-9329-BBC6EC521BC8}"
EndProject
Project("{2150E333-8FDC-42A3-9474-1A3956D46DE8}") = "Other", "Other", "{DF209543-3940-4A9B-862A-51B3C1A10289}"
	ProjectSection(SolutionItems) = preProject
		..\..\..\Desktop\Portfoy.postman_collection.json = ..\..\..\Desktop\Portfoy.postman_collection.json
	EndProjectSection
EndProject
Project("{9A19103F-16F7-4668-BE54-9A1E7A4F7556}") = "PortfoyAPI", "PortfoyAPI\PortfoyAPI.csproj", "{2181D1EA-859D-4BBC-96F0-03947D013DBA}"
EndProject
Project("{9A19103F-16F7-4668-BE54-9A1E7A4F7556}") = "MLDataAccess", "MLDataAccess\MLDataAccess.csproj", "{4CF7B837-F062-49F5-9ECA-6FF4BEC45DD3}"
EndProject
Global
	GlobalSection(SolutionConfigurationPlatforms) = preSolution
		Debug|Any CPU = Debug|Any CPU
		Release|Any CPU = Release|Any CPU
	EndGlobalSection
	GlobalSection(ProjectConfigurationPlatforms) = postSolution
		{45CC69DE-F13F-4307-A1DD-0C5521CD626E}.Debug|Any CPU.ActiveCfg = Debug|Any CPU
		{45CC69DE-F13F-4307-A1DD-0C5521CD626E}.Debug|Any CPU.Build.0 = Debug|Any CPU
		{45CC69DE-F13F-4307-A1DD-0C5521CD626E}.Release|Any CPU.ActiveCfg = Release|Any CPU
		{45CC69DE-F13F-4307-A1DD-0C5521CD626E}.Release|Any CPU.Build.0 = Release|Any CPU
		{FFD28EFB-1819-4D77-9E15-1CF2380A3562}.Debug|Any CPU.ActiveCfg = Debug|Any CPU
		{FFD28EFB-1819-4D77-9E15-1CF2380A3562}.Debug|Any CPU.Build.0 = Debug|Any CPU
		{FFD28EFB-1819-4D77-9E15-1CF2380A3562}.Release|Any CPU.ActiveCfg = Release|Any CPU
		{FFD28EFB-1819-4D77-9E15-1CF2380A3562}.Release|Any CPU.Build.0 = Release|Any CPU
		{B68B7538-7B6C-482D-9329-BBC6EC521BC8}.Debug|Any CPU.ActiveCfg = Debug|Any CPU
		{B68B7538-7B6C-482D-9329-BBC6EC521BC8}.Debug|Any CPU.Build.0 = Debug|Any CPU
		{B68B7538-7B6C-482D-9329-BBC6EC521BC8}.Release|Any CPU.ActiveCfg = Release|Any CPU
		{B68B7538-7B6C-482D-9329-BBC6EC521BC8}.Release|Any CPU.Build.0 = Release|Any CPU
		{2181D1EA-859D-4BBC-96F0-03947D013DBA}.Debug|Any CPU.ActiveCfg = Debug|Any CPU
		{2181D1EA-859D-4BBC-96F0-03947D013DBA}.Debug|Any CPU.Build.0 = Debug|Any CPU
		{2181D1EA-859D-4BBC-96F0-03947D013DBA}.Release|Any CPU.ActiveCfg = Release|Any CPU
		{2181D1EA-859D-4BBC-96F0-03947D013DBA}.Release|Any CPU.Build.0 = Release|Any CPU
		{4CF7B837-F062-49F5-9ECA-6FF4BEC45DD3}.Debug|Any CPU.ActiveCfg = Debug|Any CPU
		{4CF7B837-F062-49F5-9ECA-6FF4BEC45DD3}.Debug|Any CPU.Build.0 = Debug|Any CPU
		{4CF7B837-F062-49F5-9ECA-6FF4BEC45DD3}.Release|Any CPU.ActiveCfg = Release|Any CPU
		{4CF7B837-F062-49F5-9ECA-6FF4BEC45DD3}.Release|Any CPU.Build.0 = Release|Any CPU
	EndGlobalSection
	GlobalSection(SolutionProperties) = preSolution
		HideSolutionNode = FALSE
	EndGlobalSection
	GlobalSection(ExtensibilityGlobals) = postSolution
		SolutionGuid = {81463B0D-8D8C-4E51-AC1D-C8BE4D1AE696}
	EndGlobalSection
EndGlobal
